version = 1
revision = 3
requires-python = ">=3.10"

[[package]]
name = "python-dotenv"
version = "1.2.1"
source = { registry = "https://pypi.org/simple" }
sdist = { url = "https://files.pythonhosted.org/packages/f0/26/19cadc79a718c5edbec86fd4919a6b6d3f681039a2f6d66d14be94e75fb9/python_dotenv-1.2.1.tar.gz", hash = "sha256:42667e897e16ab0d66954af0e60a9caa94f0fd4ecf3aaf6d2d260eec1aa36ad6", size = 44221, upload-time = "2025-10-26T15:12:10.434Z" }
wheels = [
    { url = "https://files.pythonhosted.org/packages/14/1b/a298b06749107c305e1fe0f814c6c74aea7b2f1e10989cb30f544a1b3253/python_dotenv-1.2.1-py3-none-any.whl", hash = "sha256:b81ee9561e9ca4004139c6cbba3a238c32b03e4894671e181b671e8cb8425d61", size = 21230, upload-time = "2025-10-26T15:12:09.109Z" },
]

[[package]]
name = "rtms"
version = "1.1.0"
source = { registry = "https://pypi.org/simple" }
wheels = [
    { url = "https://files.pythonhosted.org/packages/1c/29/be27d51696d30a25e8fdeab9b3325256d8bbfbadc2e9631f00bcf0e717bc/rtms-1.1.0-cp310-cp310-macosx_11_0_arm64.whl", hash = "sha256:9eef6f977a9c29ef6de1f008a02d057e667fe16a429998c6742b484a197cca88", size = 8363236, upload-time = "2026-04-16T11:59:07.292Z" },
    { url = "https://files.pythonhosted.org/packages/80/fc/0741c6787cd7f6d4f7054cd1506b56c0596400a3dcdd52a9a49bad4bdea9/rtms-1.1.0-cp310-cp310-manylinux_2_34_x86_64.whl", hash = "sha256:e1d6921c91fe2d6cf61a6d7ba229afc95f7322bf741bfa65565431234b65c859", size = 5825436, upload-time = "2026-04-16T11:59:09.749Z" },
    { url = "https://files.pythonhosted.org/packages/86/fa/d2c57cf3261f46008a7c0646d2019011478ddce99ebcafb5c790cedb4b36/rtms-1.1.0-cp311-cp311-macosx_11_0_arm64.whl", hash = "sha256:57a9fe855ed32070cbd7fb84076c189a834585a5e029222ecefaaca57f7efd5c", size = 8364457, upload-time = "2026-04-16T11:59:12.043Z" },
    { url = "https://files.pythonhosted.org/packages/10/ef/8ae8722605674d243d6a27dc2b9c3e8b930351fa92bd09cad22dced1dc2a/rtms-1.1.0-cp311-cp311-manylinux_2_34_x86_64.whl", hash = "sha256:0488309a4db9861e8dd4d1f07b3824e22e8c3556403d04ac3216018558556885", size = 5826755, upload-time = "2026-04-16T11:59:13.969Z" },
    { url = "https://files.pythonhosted.org/packages/2c/74/f7af5085ec375e61dfb88b343c7f307fffd80d1d891bb3f2c723382a701d/rtms-1.1.0-cp312-cp312-macosx_11_0_arm64.whl", hash = "sha256:0976aaac5fdfaa4f7b604beec750f4a48184fa193be211d54833c9abd7acf6b8", size = 8365240, upload-time = "2026-04-16T11:59:16.039Z" },
    { url = "https://files.pythonhosted.org/packages/4f/6e/3febdf9107ad8213531b705a8e250092d3709927fff35eab161a9ce14fc8/rtms-1.1.0-cp312-cp312-manylinux_2_34_x86_64.whl", hash = "sha256:70d935902b2c660a6bd21875b1d205f83e00426b28fc33f887637b52df9f56ed", size = 5829625, upload-time = "2026-04-16T11:59:18.196Z" },
    { url = "https://files.pythonhosted.org/packages/a9/37/fbe71afe4fdd6930f9aabfc4474cf1153e1655167899f3c3d565f824d99c/rtms-1.1.0-cp313-cp313-macosx_11_0_arm64.whl", hash = "sha256:818728a5e8175830a1fb85ae143324b3c3f14ca6cde7f0b054e8e4ceb302fe16", size = 8365224, upload-time = "2026-04-16T11:59:19.792Z" },
    { url = "https://files.pythonhosted.org/packages/10/d6/9acd362600c701d4677921f273806be64dbd0ff0552068ca75a0236081e6/rtms-1.1.0-cp313-cp313-manylinux_2_34_x86_64.whl", hash = "sha256:46bf6e2f132c3e0b99096a59fa0ee66f3717390861555344a67880366f4ad8a0", size = 5829713, upload-time = "2026-04-16T11:59:22.295Z" },
]

[[package]]
name = "rtms-quickstart"
version = "1.0.2"
source = { editable = "." }
dependencies = [
    { name = "python-dotenv" },
    { name = "rtms" },
]

[package.metadata]
requires-dist = [
    { name = "python-dotenv", specifier = ">=1.2.1" },
    { name = "rtms", specifier = ">=1.1.0" },
]
